
Microsoft Visual Studio Solution File, Format Version 12.00
# Visual Studio Version 16
VisualStudioVersion = 16.0.30804.86
MinimumVisualStudioVersion = 10.0.40219.1
Project("{FAE04EC0-301F-11D3-BF4B-00C04F79EFBC}") = "MMIVR", "MMIVR.csproj", "{B5743335-79FB-46A1-8E49-85D0C009857B}"
EndProject
Project("{FAE04EC0-301F-11D3-BF4B-00C04F79EFBC}") = "Example1_ServerInterfacingConsole", "..\Example1_ServerInterfacingConsole\Example1_ServerInterfacingConsole.csproj", "{DF570A39-3BA5-4716-8CD1-0098CF613C54}"
EndProject
Project("{FAE04EC0-301F-11D3-BF4B-00C04F79EFBC}") = "Example2_ComputingWithMicrosoftML", "..\Example2_ComputingWithMicrosoftML\Example2_ComputingWithMicrosoftML.csproj", "{C9907FB6-72B5-4AC5-8A51-82AB1733E571}"
EndProject
Global
	GlobalSection(SolutionConfigurationPlatforms) = preSolution
		Debug|Any CPU = Debug|Any CPU
		Release|Any CPU = Release|Any CPU
	EndGlobalSection
	GlobalSection(ProjectConfigurationPlatforms) = postSolution
		{B5743335-79FB-46A1-8E49-85D0C009857B}.Debug|Any CPU.ActiveCfg = Debug|Any CPU
		{B5743335-79FB-46A1-8E49-85D0C009857B}.Debug|Any CPU.Build.0 = Debug|Any CPU
		{B5743335-79FB-46A1-8E49-85D0C009857B}.Release|Any CPU.ActiveCfg = Release|Any CPU
		{B5743335-79FB-46A1-8E49-85D0C009857B}.Release|Any CPU.Build.0 = Release|Any CPU
		{DF570A39-3BA5-4716-8CD1-0098CF613C54}.Debug|Any CPU.ActiveCfg = Debug|Any CPU
		{DF570A39-3BA5-4716-8CD1-0098CF613C54}.Debug|Any CPU.Build.0 = Debug|Any CPU
		{DF570A39-3BA5-4716-8CD1-0098CF613C54}.Release|Any CPU.ActiveCfg = Release|Any CPU
		{DF570A39-3BA5-4716-8CD1-0098CF613C54}.Release|Any CPU.Build.0 = Release|Any CPU
		{C9907FB6-72B5-4AC5-8A51-82AB1733E571}.Debug|Any CPU.ActiveCfg = Debug|Any CPU
		{C9907FB6-72B5-4AC5-8A51-82AB1733E571}.Debug|Any CPU.Build.0 = Debug|Any CPU
		{C9907FB6-72B5-4AC5-8A51-82AB1733E571}.Release|Any CPU.ActiveCfg = Release|Any CPU
		{C9907FB6-72B5-4AC5-8A51-82AB1733E571}.Release|Any CPU.Build.0 = Release|Any CPU
	EndGlobalSection
	GlobalSection(SolutionProperties) = preSolution
		HideSolutionNode = FALSE
	EndGlobalSection
	GlobalSection(ExtensibilityGlobals) = postSolution
		SolutionGuid = {1E5D9906-4F5D-4B3D-9C11-48CD5450DAB0}
	EndGlobalSection
EndGlobal
